{
  "originHash" : "2ad456cba67d5ded27d0d928a27900dd96704cd626f71ede40640fb97694237a",
  "pins" : [
    {
      "identity" : "swift-syntax",
      "kind" : "remoteSourceControl",
      "location" : "https://github.com/swiftlang/swift-syntax.git",
      "state" : {
        "revision" : "515f79b522918f83483068d99c68daeb5116342d",
        "version" : "600.0.0-prerelease-2024-09-04"
      }
    }
  ],
  "version" : 3
}
